
Microsoft Visual Studio Solution File, Format Version 12.00
# Visual Studio Version 17
VisualStudioVersion = 17.6.33829.357
MinimumVisualStudioVersion = 10.0.40219.1
Project("{FAE04EC0-301F-11D3-BF4B-00C04F79EFBC}") = "CSharp_GiaiPTbac2", "CSharp_GiaiPTbac2.csproj", "{27D29E11-94D0-458A-9F72-73C6555DCA02}"
EndProject
Global
	GlobalSection(SolutionConfigurationPlatforms) = preSolution
		Debug|Any CPU = Debug|Any CPU
		Release|Any CPU = Release|Any CPU
	EndGlobalSection
	GlobalSection(ProjectConfigurationPlatforms) = postSolution
		{27D29E11-94D0-458A-9F72-73C6555DCA02}.Debug|Any CPU.ActiveCfg = Debug|Any CPU
		{27D29E11-94D0-458A-9F72-73C6555DCA02}.Debug|Any CPU.Build.0 = Debug|Any CPU
		{27D29E11-94D0-458A-9F72-73C6555DCA02}.Release|Any CPU.ActiveCfg = Release|Any CPU
		{27D29E11-94D0-458A-9F72-73C6555DCA02}.Release|Any CPU.Build.0 = Release|Any CPU
	EndGlobalSection
	GlobalSection(SolutionProperties) = preSolution
		HideSolutionNode = FALSE
	EndGlobalSection
	GlobalSection(ExtensibilityGlobals) = postSolution
		SolutionGuid = {DA11EA7B-574D-4BC7-A980-5F65AAAF8784}
	EndGlobalSection
EndGlobal
